
Microsoft Visual Studio Solution File, Format Version 12.00
# Visual Studio Version 16
VisualStudioVersion = 16.0.29123.88
MinimumVisualStudioVersion = 10.0.40219.1
Project("{FAE04EC0-301F-11D3-BF4B-00C04F79EFBC}") = "adressbook_web_tests", "adressbook_web_tests\adressbook_web_tests.csproj", "{D066488E-1E2E-4128-9192-441CFC7CB989}"
EndProject
Global
	GlobalSection(SolutionConfigurationPlatforms) = preSolution
		Debug|Any CPU = Debug|Any CPU
		Release|Any CPU = Release|Any CPU
	EndGlobalSection
	GlobalSection(ProjectConfigurationPlatforms) = postSolution
		{D066488E-1E2E-4128-9192-441CFC7CB989}.Debug|Any CPU.ActiveCfg = Debug|Any CPU
		{D066488E-1E2E-4128-9192-441CFC7CB989}.Debug|Any CPU.Build.0 = Debug|Any CPU
		{D066488E-1E2E-4128-9192-441CFC7CB989}.Release|Any CPU.ActiveCfg = Release|Any CPU
		{D066488E-1E2E-4128-9192-441CFC7CB989}.Release|Any CPU.Build.0 = Release|Any CPU
	EndGlobalSection
	GlobalSection(SolutionProperties) = preSolution
		HideSolutionNode = FALSE
	EndGlobalSection
	GlobalSection(ExtensibilityGlobals) = postSolution
		SolutionGuid = {2798F152-F386-4F6F-B48C-73E78E0719DC}
	EndGlobalSection
EndGlobal
